
Microsoft Visual Studio Solution File, Format Version 12.00
# Visual Studio Version 17
VisualStudioVersion = 17.14.36301.6 d17.14
MinimumVisualStudioVersion = 10.0.40219.1
Project("{FAE04EC0-301F-11D3-BF4B-00C04F79EFBC}") = "AllaganKillFeed", "AllaganKillFeed.csproj", "{873DC5FD-B0E9-86E2-F686-F0246DB05663}"
EndProject
Global
	GlobalSection(SolutionConfigurationPlatforms) = preSolution
		Debug|x64 = Debug|x64
		Release|x64 = Release|x64
	EndGlobalSection
	GlobalSection(ProjectConfigurationPlatforms) = postSolution
		{873DC5FD-B0E9-86E2-F686-F0246DB05663}.Debug|x64.ActiveCfg = Debug|x64
		{873DC5FD-B0E9-86E2-F686-F0246DB05663}.Debug|x64.Build.0 = Debug|x64
		{873DC5FD-B0E9-86E2-F686-F0246DB05663}.Release|x64.ActiveCfg = Release|x64
		{873DC5FD-B0E9-86E2-F686-F0246DB05663}.Release|x64.Build.0 = Release|x64
	EndGlobalSection
	GlobalSection(SolutionProperties) = preSolution
		HideSolutionNode = FALSE
	EndGlobalSection
	GlobalSection(ExtensibilityGlobals) = postSolution
		SolutionGuid = {32F2C67D-B4A6-4C2D-B254-E9D1C8AAEB47}
	EndGlobalSection
EndGlobal
